
Microsoft Visual Studio Solution File, Format Version 12.00
# Visual Studio 15
VisualStudioVersion = 15.0.26730.12
MinimumVisualStudioVersion = 10.0.40219.1
Project("{FAE04EC0-301F-11D3-BF4B-00C04F79EFBC}") = "NeuroEvolution", "GeneticEvolution\NeuroEvolution.csproj", "{B7E95DCD-DFEE-451C-BBF3-B4367B9412A8}"
EndProject
Global
	GlobalSection(SolutionConfigurationPlatforms) = preSolution
		Debug|Any CPU = Debug|Any CPU
		Release|Any CPU = Release|Any CPU
	EndGlobalSection
	GlobalSection(ProjectConfigurationPlatforms) = postSolution
		{B7E95DCD-DFEE-451C-BBF3-B4367B9412A8}.Debug|Any CPU.ActiveCfg = Debug|x64
		{B7E95DCD-DFEE-451C-BBF3-B4367B9412A8}.Debug|Any CPU.Build.0 = Debug|x64
		{B7E95DCD-DFEE-451C-BBF3-B4367B9412A8}.Release|Any CPU.ActiveCfg = Release|Any CPU
		{B7E95DCD-DFEE-451C-BBF3-B4367B9412A8}.Release|Any CPU.Build.0 = Release|Any CPU
	EndGlobalSection
	GlobalSection(SolutionProperties) = preSolution
		HideSolutionNode = FALSE
	EndGlobalSection
	GlobalSection(ExtensibilityGlobals) = postSolution
		SolutionGuid = {951F6557-D19F-493C-B633-7BCE79BDF538}
	EndGlobalSection
EndGlobal
